// !$*UTF8*$!
{
	archiveVersion = 1;
	classes = {
	};
	objectVersion = 55;
	objects = {

/* Begin PBXBuildFile section */
		3D3983BD293E5847008B01BE /* Quicksand-Regular.ttf in Resources */ = {isa = PBXBuildFile; fileRef = 3D3983B8293E5846008B01BE /* Quicksand-Regular.ttf */; };
		3D3983BE293E5847008B01BE /* Quicksand.ttf in Resources */ = {isa = PBXBuildFile; fileRef = 3D3983B9293E5846008B01BE /* Quicksand.ttf */; };
		3D3983BF293E5847008B01BE /* Quicksand-Light.ttf in Resources */ = {isa = PBXBuildFile; fileRef = 3D3983BA293E5846008B01BE /* Quicksand-Light.ttf */; };
		3D3983C0293E5847008B01BE /* Quicksand-Medium.ttf in Resources */ = {isa = PBXBuildFile; fileRef = 3D3983BB293E5846008B01BE /* Quicksand-Medium.ttf */; };
		3D3983C1293E5847008B01BE /* Quicksand-Bold.ttf in Resources */ = {isa = PBXBuildFile; fileRef = 3D3983BC293E5846008B01BE /* Quicksand-Bold.ttf */; };
		3D3983C3293E5DCB008B01BE /* Quicksand-SemiBold.ttf in Resources */ = {isa = PBXBuildFile; fileRef = 3D3983C2293E5DCB008B01BE /* Quicksand-SemiBold.ttf */; };
		3D3983C6293F76C8008B01BE /* MenuViewController.swift in Sources */ = {isa = PBXBuildFile; fileRef = 3D3983C5293F76C8008B01BE /* MenuViewController.swift */; };
		3D3983C8293F76F1008B01BE /* MenuViewControllerLayout.swift in Sources */ = {isa = PBXBuildFile; fileRef = 3D3983C7293F76F1008B01BE /* MenuViewControllerLayout.swift */; };
		3D3983CA293F77E8008B01BE /* MenuCard.swift in Sources */ = {isa = PBXBuildFile; fileRef = 3D3983C9293F77E8008B01BE /* MenuCard.swift */; };
		3D3983CC293F85B9008B01BE /* HWMenuCardCell.swift in Sources */ = {isa = PBXBuildFile; fileRef = 3D3983CB293F85B9008B01BE /* HWMenuCardCell.swift */; };
		3DE94C6529426B630068D2DD /* MenuDetailViewController.swift in Sources */ = {isa = PBXBuildFile; fileRef = 3DE94C6429426B630068D2DD /* MenuDetailViewController.swift */; };
		3DE94C6729426CA80068D2DD /* MenuDetailViewControllerLayout.swift in Sources */ = {isa = PBXBuildFile; fileRef = 3DE94C6629426CA80068D2DD /* MenuDetailViewControllerLayout.swift */; };
		3DFBDE69292E46D3005EEAFD /* AppDelegate.swift in Sources */ = {isa = PBXBuildFile; fileRef = 3DFBDE68292E46D3005EEAFD /* AppDelegate.swift */; };
		3DFBDE6B292E46D3005EEAFD /* SceneDelegate.swift in Sources */ = {isa = PBXBuildFile; fileRef = 3DFBDE6A292E46D3005EEAFD /* SceneDelegate.swift */; };
		3DFBDE6D292E46D3005EEAFD /* AuthorizationViewController.swift in Sources */ = {isa = PBXBuildFile; fileRef = 3DFBDE6C292E46D3005EEAFD /* AuthorizationViewController.swift */; };
		3DFBDE72292E46DD005EEAFD /* Assets.xcassets in Resources */ = {isa = PBXBuildFile; fileRef = 3DFBDE71292E46DD005EEAFD /* Assets.xcassets */; };
		3DFBDE75292E46DD005EEAFD /* LaunchScreen.storyboard in Resources */ = {isa = PBXBuildFile; fileRef = 3DFBDE73292E46DD005EEAFD /* LaunchScreen.storyboard */; };
		3DFBDE7F292EAAB2005EEAFD /* AuthorizationPresenter.swift in Sources */ = {isa = PBXBuildFile; fileRef = 3DFBDE7E292EAAB2005EEAFD /* AuthorizationPresenter.swift */; };
		3DFBDE842930EA55005EEAFD /* HWLabel.swift in Sources */ = {isa = PBXBuildFile; fileRef = 3DFBDE832930EA55005EEAFD /* HWLabel.swift */; };
		3DFBDE882930ED6D005EEAFD /* HWTextField.swift in Sources */ = {isa = PBXBuildFile; fileRef = 3DFBDE872930ED6D005EEAFD /* HWTextField.swift */; };
		3DFBDE8A2930EE0B005EEAFD /* HWButton.swift in Sources */ = {isa = PBXBuildFile; fileRef = 3DFBDE892930EE0B005EEAFD /* HWButton.swift */; };
		3DFBDE8E2930EF9E005EEAFD /* HWView.swift in Sources */ = {isa = PBXBuildFile; fileRef = 3DFBDE8D2930EF9E005EEAFD /* HWView.swift */; };
		3DFBDE902930F15D005EEAFD /* AuthScreenLayout.swift in Sources */ = {isa = PBXBuildFile; fileRef = 3DFBDE8F2930F15D005EEAFD /* AuthScreenLayout.swift */; };
		3DFBDE9329312462005EEAFD /* MainViewController.swift in Sources */ = {isa = PBXBuildFile; fileRef = 3DFBDE9229312462005EEAFD /* MainViewController.swift */; };
		3DFBDE9529312510005EEAFD /* MainScreenLayout.swift in Sources */ = {isa = PBXBuildFile; fileRef = 3DFBDE9429312510005EEAFD /* MainScreenLayout.swift */; };
		3DFBDE992933A023005EEAFD /* MainMenuCard.swift in Sources */ = {isa = PBXBuildFile; fileRef = 3DFBDE982933A023005EEAFD /* MainMenuCard.swift */; };
		3DFBDE9B2933B3E2005EEAFD /* HWMainMenuCardCell.swift in Sources */ = {isa = PBXBuildFile; fileRef = 3DFBDE9A2933B3E2005EEAFD /* HWMainMenuCardCell.swift */; };
/* End PBXBuildFile section */

/* Begin PBXFileReference section */
		3D3983B8293E5846008B01BE /* Quicksand-Regular.ttf */ = {isa = PBXFileReference; lastKnownFileType = file; path = "Quicksand-Regular.ttf"; sourceTree = "<group>"; };
		3D3983B9293E5846008B01BE /* Quicksand.ttf */ = {isa = PBXFileReference; lastKnownFileType = file; path = Quicksand.ttf; sourceTree = "<group>"; };
		3D3983BA293E5846008B01BE /* Quicksand-Light.ttf */ = {isa = PBXFileReference; lastKnownFileType = file; path = "Quicksand-Light.ttf"; sourceTree = "<group>"; };
		3D3983BB293E5846008B01BE /* Quicksand-Medium.ttf */ = {isa = PBXFileReference; lastKnownFileType = file; path = "Quicksand-Medium.ttf"; sourceTree = "<group>"; };
		3D3983BC293E5846008B01BE /* Quicksand-Bold.ttf */ = {isa = PBXFileReference; lastKnownFileType = file; path = "Quicksand-Bold.ttf"; sourceTree = "<group>"; };
		3D3983C2293E5DCB008B01BE /* Quicksand-SemiBold.ttf */ = {isa = PBXFileReference; lastKnownFileType = file; path = "Quicksand-SemiBold.ttf"; sourceTree = "<group>"; };
		3D3983C5293F76C8008B01BE /* MenuViewController.swift */ = {isa = PBXFileReference; lastKnownFileType = sourcecode.swift; path = MenuViewController.swift; sourceTree = "<group>"; };
		3D3983C7293F76F1008B01BE /* MenuViewControllerLayout.swift */ = {isa = PBXFileReference; lastKnownFileType = sourcecode.swift; path = MenuViewControllerLayout.swift; sourceTree = "<group>"; };
		3D3983C9293F77E8008B01BE /* MenuCard.swift */ = {isa = PBXFileReference; lastKnownFileType = sourcecode.swift; path = MenuCard.swift; sourceTree = "<group>"; };
		3D3983CB293F85B9008B01BE /* HWMenuCardCell.swift */ = {isa = PBXFileReference; lastKnownFileType = sourcecode.swift; path = HWMenuCardCell.swift; sourceTree = "<group>"; };
		3DE94C6429426B630068D2DD /* MenuDetailViewController.swift */ = {isa = PBXFileReference; lastKnownFileType = sourcecode.swift; path = MenuDetailViewController.swift; sourceTree = "<group>"; };
		3DE94C6629426CA80068D2DD /* MenuDetailViewControllerLayout.swift */ = {isa = PBXFileReference; lastKnownFileType = sourcecode.swift; path = MenuDetailViewControllerLayout.swift; sourceTree = "<group>"; };
		3DFBDE65292E46D3005EEAFD /* hawaiiShop.app */ = {isa = PBXFileReference; explicitFileType = wrapper.application; includeInIndex = 0; path = hawaiiShop.app; sourceTree = BUILT_PRODUCTS_DIR; };
		3DFBDE68292E46D3005EEAFD /* AppDelegate.swift */ = {isa = PBXFileReference; lastKnownFileType = sourcecode.swift; path = AppDelegate.swift; sourceTree = "<group>"; };
		3DFBDE6A292E46D3005EEAFD /* SceneDelegate.swift */ = {isa = PBXFileReference; lastKnownFileType = sourcecode.swift; path = SceneDelegate.swift; sourceTree = "<group>"; };
		3DFBDE6C292E46D3005EEAFD /* AuthorizationViewController.swift */ = {isa = PBXFileReference; lastKnownFileType = sourcecode.swift; path = AuthorizationViewController.swift; sourceTree = "<group>"; };
		3DFBDE71292E46DD005EEAFD /* Assets.xcassets */ = {isa = PBXFileReference; lastKnownFileType = folder.assetcatalog; path = Assets.xcassets; sourceTree = "<group>"; };
		3DFBDE74292E46DD005EEAFD /* Base */ = {isa = PBXFileReference; lastKnownFileType = file.storyboard; name = Base; path = Base.lproj/LaunchScreen.storyboard; sourceTree = "<group>"; };
		3DFBDE76292E46DD005EEAFD /* Info.plist */ = {isa = PBXFileReference; lastKnownFileType = text.plist.xml; path = Info.plist; sourceTree = "<group>"; };
		3DFBDE7E292EAAB2005EEAFD /* AuthorizationPresenter.swift */ = {isa = PBXFileReference; lastKnownFileType = sourcecode.swift; path = AuthorizationPresenter.swift; sourceTree = "<group>"; };
		3DFBDE832930EA55005EEAFD /* HWLabel.swift */ = {isa = PBXFileReference; lastKnownFileType = sourcecode.swift; path = HWLabel.swift; sourceTree = "<group>"; };
		3DFBDE872930ED6D005EEAFD /* HWTextField.swift */ = {isa = PBXFileReference; lastKnownFileType = sourcecode.swift; path = HWTextField.swift; sourceTree = "<group>"; };
		3DFBDE892930EE0B005EEAFD /* HWButton.swift */ = {isa = PBXFileReference; lastKnownFileType = sourcecode.swift; path = HWButton.swift; sourceTree = "<group>"; };
		3DFBDE8D2930EF9E005EEAFD /* HWView.swift */ = {isa = PBXFileReference; lastKnownFileType = sourcecode.swift; path = HWView.swift; sourceTree = "<group>"; };
		3DFBDE8F2930F15D005EEAFD /* AuthScreenLayout.swift */ = {isa = PBXFileReference; lastKnownFileType = sourcecode.swift; path = AuthScreenLayout.swift; sourceTree = "<group>"; };
		3DFBDE9229312462005EEAFD /* MainViewController.swift */ = {isa = PBXFileReference; lastKnownFileType = sourcecode.swift; path = MainViewController.swift; sourceTree = "<group>"; };
		3DFBDE9429312510005EEAFD /* MainScreenLayout.swift */ = {isa = PBXFileReference; lastKnownFileType = sourcecode.swift; path = MainScreenLayout.swift; sourceTree = "<group>"; };
		3DFBDE982933A023005EEAFD /* MainMenuCard.swift */ = {isa = PBXFileReference; lastKnownFileType = sourcecode.swift; path = MainMenuCard.swift; sourceTree = "<group>"; };
		3DFBDE9A2933B3E2005EEAFD /* HWMainMenuCardCell.swift */ = {isa = PBXFileReference; lastKnownFileType = sourcecode.swift; path = HWMainMenuCardCell.swift; sourceTree = "<group>"; };
/* End PBXFileReference section */

/* Begin PBXFrameworksBuildPhase section */
		3DFBDE62292E46D3005EEAFD /* Frameworks */ = {
			isa = PBXFrameworksBuildPhase;
			buildActionMask = 2147483647;
			files = (
			);
			runOnlyForDeploymentPostprocessing = 0;
		};
/* End PBXFrameworksBuildPhase section */

/* Begin PBXGroup section */
		3D3983B7293E5813008B01BE /* Fonts */ = {
			isa = PBXGroup;
			children = (
				3D3983BC293E5846008B01BE /* Quicksand-Bold.ttf */,
				3D3983C2293E5DCB008B01BE /* Quicksand-SemiBold.ttf */,
				3D3983BA293E5846008B01BE /* Quicksand-Light.ttf */,
				3D3983BB293E5846008B01BE /* Quicksand-Medium.ttf */,
				3D3983B8293E5846008B01BE /* Quicksand-Regular.ttf */,
				3D3983B9293E5846008B01BE /* Quicksand.ttf */,
			);
			path = Fonts;
			sourceTree = "<group>";
		};
		3D3983C4293F75C8008B01BE /* MenuModule */ = {
			isa = PBXGroup;
			children = (
				3D3983C5293F76C8008B01BE /* MenuViewController.swift */,
				3D3983C7293F76F1008B01BE /* MenuViewControllerLayout.swift */,
				3D3983C9293F77E8008B01BE /* MenuCard.swift */,
			);
			path = MenuModule;
			sourceTree = "<group>";
		};
		3DE94C6329426ADB0068D2DD /* MenuDetailModule */ = {
			isa = PBXGroup;
			children = (
				3DE94C6429426B630068D2DD /* MenuDetailViewController.swift */,
				3DE94C6629426CA80068D2DD /* MenuDetailViewControllerLayout.swift */,
			);
			path = MenuDetailModule;
			sourceTree = "<group>";
		};
		3DFBDE5C292E46D3005EEAFD = {
			isa = PBXGroup;
			children = (
				3DFBDE67292E46D3005EEAFD /* hawaiiShop */,
				3DFBDE66292E46D3005EEAFD /* Products */,
			);
			sourceTree = "<group>";
		};
		3DFBDE66292E46D3005EEAFD /* Products */ = {
			isa = PBXGroup;
			children = (
				3DFBDE65292E46D3005EEAFD /* hawaiiShop.app */,
			);
			name = Products;
			sourceTree = "<group>";
		};
		3DFBDE67292E46D3005EEAFD /* hawaiiShop */ = {
			isa = PBXGroup;
			children = (
				3DFBDE7D292EAA80005EEAFD /* App */,
				3DFBDE7C292EAA48005EEAFD /* AuthorizationModule */,
				3DFBDE912931237D005EEAFD /* MainModule */,
				3D3983C4293F75C8008B01BE /* MenuModule */,
				3DE94C6329426ADB0068D2DD /* MenuDetailModule */,
				3DFBDE822930E9E1005EEAFD /* HWCustomElements */,
				3D3983B7293E5813008B01BE /* Fonts */,
				3DFBDE76292E46DD005EEAFD /* Info.plist */,
				3DFBDE71292E46DD005EEAFD /* Assets.xcassets */,
				3DFBDE73292E46DD005EEAFD /* LaunchScreen.storyboard */,
			);
			path = hawaiiShop;
			sourceTree = "<group>";
		};
		3DFBDE7C292EAA48005EEAFD /* AuthorizationModule */ = {
			isa = PBXGroup;
			children = (
				3DFBDE6C292E46D3005EEAFD /* AuthorizationViewController.swift */,
				3DFBDE7E292EAAB2005EEAFD /* AuthorizationPresenter.swift */,
				3DFBDE8F2930F15D005EEAFD /* AuthScreenLayout.swift */,
			);
			path = AuthorizationModule;
			sourceTree = "<group>";
		};
		3DFBDE7D292EAA80005EEAFD /* App */ = {
			isa = PBXGroup;
			children = (
				3DFBDE68292E46D3005EEAFD /* AppDelegate.swift */,
				3DFBDE6A292E46D3005EEAFD /* SceneDelegate.swift */,
			);
			path = App;
			sourceTree = "<group>";
		};
		3DFBDE822930E9E1005EEAFD /* HWCustomElements */ = {
			isa = PBXGroup;
			children = (
				3DFBDE832930EA55005EEAFD /* HWLabel.swift */,
				3DFBDE872930ED6D005EEAFD /* HWTextField.swift */,
				3DFBDE892930EE0B005EEAFD /* HWButton.swift */,
				3DFBDE8D2930EF9E005EEAFD /* HWView.swift */,
				3DFBDE9A2933B3E2005EEAFD /* HWMainMenuCardCell.swift */,
				3D3983CB293F85B9008B01BE /* HWMenuCardCell.swift */,
			);
			path = HWCustomElements;
			sourceTree = "<group>";
		};
		3DFBDE912931237D005EEAFD /* MainModule */ = {
			isa = PBXGroup;
			children = (
				3DFBDE9229312462005EEAFD /* MainViewController.swift */,
				3DFBDE9429312510005EEAFD /* MainScreenLayout.swift */,
				3DFBDE982933A023005EEAFD /* MainMenuCard.swift */,
			);
			path = MainModule;
			sourceTree = "<group>";
		};
/* End PBXGroup section */

/* Begin PBXNativeTarget section */
		3DFBDE64292E46D3005EEAFD /* hawaiiShop */ = {
			isa = PBXNativeTarget;
			buildConfigurationList = 3DFBDE79292E46DD005EEAFD /* Build configuration list for PBXNativeTarget "hawaiiShop" */;
			buildPhases = (
				3DFBDE61292E46D3005EEAFD /* Sources */,
				3DFBDE62292E46D3005EEAFD /* Frameworks */,
				3DFBDE63292E46D3005EEAFD /* Resources */,
			);
			buildRules = (
			);
			dependencies = (
			);
			name = hawaiiShop;
			productName = hawaiiShop;
			productReference = 3DFBDE65292E46D3005EEAFD /* hawaiiShop.app */;
			productType = "com.apple.product-type.application";
		};
/* End PBXNativeTarget section */

/* Begin PBXProject section */
		3DFBDE5D292E46D3005EEAFD /* Project object */ = {
			isa = PBXProject;
			attributes = {
				BuildIndependentTargetsInParallel = 1;
				LastSwiftUpdateCheck = 1340;
				LastUpgradeCheck = 1340;
				TargetAttributes = {
					3DFBDE64292E46D3005EEAFD = {
						CreatedOnToolsVersion = 13.4.1;
					};
				};
			};
			buildConfigurationList = 3DFBDE60292E46D3005EEAFD /* Build configuration list for PBXProject "hawaiiShop" */;
			compatibilityVersion = "Xcode 13.0";
			developmentRegion = en;
			hasScannedForEncodings = 0;
			knownRegions = (
				en,
				Base,
			);
			mainGroup = 3DFBDE5C292E46D3005EEAFD;
			productRefGroup = 3DFBDE66292E46D3005EEAFD /* Products */;
			projectDirPath = "";
			projectRoot = "";
			targets = (
				3DFBDE64292E46D3005EEAFD /* hawaiiShop */,
			);
		};
/* End PBXProject section */

/* Begin PBXResourcesBuildPhase section */
		3DFBDE63292E46D3005EEAFD /* Resources */ = {
			isa = PBXResourcesBuildPhase;
			buildActionMask = 2147483647;
			files = (
				3D3983C1293E5847008B01BE /* Quicksand-Bold.ttf in Resources */,
				3D3983C3293E5DCB008B01BE /* Quicksand-SemiBold.ttf in Resources */,
				3D3983BE293E5847008B01BE /* Quicksand.ttf in Resources */,
				3DFBDE75292E46DD005EEAFD /* LaunchScreen.storyboard in Resources */,
				3D3983BD293E5847008B01BE /* Quicksand-Regular.ttf in Resources */,
				3DFBDE72292E46DD005EEAFD /* Assets.xcassets in Resources */,
				3D3983BF293E5847008B01BE /* Quicksand-Light.ttf in Resources */,
				3D3983C0293E5847008B01BE /* Quicksand-Medium.ttf in Resources */,
			);
			runOnlyForDeploymentPostprocessing = 0;
		};
/* End PBXResourcesBuildPhase section */

/* Begin PBXSourcesBuildPhase section */
		3DFBDE61292E46D3005EEAFD /* Sources */ = {
			isa = PBXSourcesBuildPhase;
			buildActionMask = 2147483647;
			files = (
				3DFBDE842930EA55005EEAFD /* HWLabel.swift in Sources */,
				3DFBDE8E2930EF9E005EEAFD /* HWView.swift in Sources */,
				3DFBDE6D292E46D3005EEAFD /* AuthorizationViewController.swift in Sources */,
				3D3983C8293F76F1008B01BE /* MenuViewControllerLayout.swift in Sources */,
				3D3983C6293F76C8008B01BE /* MenuViewController.swift in Sources */,
				3DFBDE882930ED6D005EEAFD /* HWTextField.swift in Sources */,
				3DFBDE992933A023005EEAFD /* MainMenuCard.swift in Sources */,
				3DE94C6729426CA80068D2DD /* MenuDetailViewControllerLayout.swift in Sources */,
				3D3983CC293F85B9008B01BE /* HWMenuCardCell.swift in Sources */,
				3DFBDE8A2930EE0B005EEAFD /* HWButton.swift in Sources */,
				3D3983CA293F77E8008B01BE /* MenuCard.swift in Sources */,
				3DFBDE69292E46D3005EEAFD /* AppDelegate.swift in Sources */,
				3DFBDE6B292E46D3005EEAFD /* SceneDelegate.swift in Sources */,
				3DE94C6529426B630068D2DD /* MenuDetailViewController.swift in Sources */,
				3DFBDE9B2933B3E2005EEAFD /* HWMainMenuCardCell.swift in Sources */,
				3DFBDE9529312510005EEAFD /* MainScreenLayout.swift in Sources */,
				3DFBDE7F292EAAB2005EEAFD /* AuthorizationPresenter.swift in Sources */,
				3DFBDE902930F15D005EEAFD /* AuthScreenLayout.swift in Sources */,
				3DFBDE9329312462005EEAFD /* MainViewController.swift in Sources */,
			);
			runOnlyForDeploymentPostprocessing = 0;
		};
/* End PBXSourcesBuildPhase section */

/* Begin PBXVariantGroup section */
		3DFBDE73292E46DD005EEAFD /* LaunchScreen.storyboard */ = {
			isa = PBXVariantGroup;
			children = (
				3DFBDE74292E46DD005EEAFD /* Base */,
			);
			name = LaunchScreen.storyboard;
			sourceTree = "<group>";
		};
/* End PBXVariantGroup section */

/* Begin XCBuildConfiguration section */
		3DFBDE77292E46DD005EEAFD /* Debug */ = {
			isa = XCBuildConfiguration;
			buildSettings = {
				ALWAYS_SEARCH_USER_PATHS = NO;
				CLANG_ANALYZER_NONNULL = YES;
				CLANG_ANALYZER_NUMBER_OBJECT_CONVERSION = YES_AGGRESSIVE;
				CLANG_CXX_LANGUAGE_STANDARD = "gnu++17";
				CLANG_ENABLE_MODULES = YES;
				CLANG_ENABLE_OBJC_ARC = YES;
				CLANG_ENABLE_OBJC_WEAK = YES;
				CLANG_WARN_BLOCK_CAPTURE_AUTORELEASING = YES;
				CLANG_WARN_BOOL_CONVERSION = YES;
				CLANG_WARN_COMMA = YES;
				CLANG_WARN_CONSTANT_CONVERSION = YES;
				CLANG_WARN_DEPRECATED_OBJC_IMPLEMENTATIONS = YES;
				CLANG_WARN_DIRECT_OBJC_ISA_USAGE = YES_ERROR;
				CLANG_WARN_DOCUMENTATION_COMMENTS = YES;
				CLANG_WARN_EMPTY_BODY = YES;
				CLANG_WARN_ENUM_CONVERSION = YES;
				CLANG_WARN_INFINITE_RECURSION = YES;
				CLANG_WARN_INT_CONVERSION = YES;
				CLANG_WARN_NON_LITERAL_NULL_CONVERSION = YES;
				CLANG_WARN_OBJC_IMPLICIT_RETAIN_SELF = YES;
				CLANG_WARN_OBJC_LITERAL_CONVERSION = YES;
				CLANG_WARN_OBJC_ROOT_CLASS = YES_ERROR;
				CLANG_WARN_QUOTED_INCLUDE_IN_FRAMEWORK_HEADER = YES;
				CLANG_WARN_RANGE_LOOP_ANALYSIS = YES;
				CLANG_WARN_STRICT_PROTOTYPES = YES;
				CLANG_WARN_SUSPICIOUS_MOVE = YES;
				CLANG_WARN_UNGUARDED_AVAILABILITY = YES_AGGRESSIVE;
				CLANG_WARN_UNREACHABLE_CODE = YES;
				CLANG_WARN__DUPLICATE_METHOD_MATCH = YES;
				COPY_PHASE_STRIP = NO;
				DEBUG_INFORMATION_FORMAT = dwarf;
				ENABLE_STRICT_OBJC_MSGSEND = YES;
				ENABLE_TESTABILITY = YES;
				GCC_C_LANGUAGE_STANDARD = gnu11;
				GCC_DYNAMIC_NO_PIC = NO;
				GCC_NO_COMMON_BLOCKS = YES;
				GCC_OPTIMIZATION_LEVEL = 0;
				GCC_PREPROCESSOR_DEFINITIONS = (
					"DEBUG=1",
					"$(inherited)",
				);
				GCC_WARN_64_TO_32_BIT_CONVERSION = YES;
				GCC_WARN_ABOUT_RETURN_TYPE = YES_ERROR;
				GCC_WARN_UNDECLARED_SELECTOR = YES;
				GCC_WARN_UNINITIALIZED_AUTOS = YES_AGGRESSIVE;
				GCC_WARN_UNUSED_FUNCTION = YES;
				GCC_WARN_UNUSED_VARIABLE = YES;
				IPHONEOS_DEPLOYMENT_TARGET = 15.5;
				MTL_ENABLE_DEBUG_INFO = INCLUDE_SOURCE;
				MTL_FAST_MATH = YES;
				ONLY_ACTIVE_ARCH = YES;
				SDKROOT = iphoneos;
				SWIFT_ACTIVE_COMPILATION_CONDITIONS = DEBUG;
				SWIFT_OPTIMIZATION_LEVEL = "-Onone";
			};
			name = Debug;
		};
		3DFBDE78292E46DD005EEAFD /* Release */ = {
			isa = XCBuildConfiguration;
			buildSettings = {
				ALWAYS_SEARCH_USER_PATHS = NO;
				CLANG_ANALYZER_NONNULL = YES;
				CLANG_ANALYZER_NUMBER_OBJECT_CONVERSION = YES_AGGRESSIVE;
				CLANG_CXX_LANGUAGE_STANDARD = "gnu++17";
				CLANG_ENABLE_MODULES = YES;
				CLANG_ENABLE_OBJC_ARC = YES;
				CLANG_ENABLE_OBJC_WEAK = YES;
				CLANG_WARN_BLOCK_CAPTURE_AUTORELEASING = YES;
				CLANG_WARN_BOOL_CONVERSION = YES;
				CLANG_WARN_COMMA = YES;
				CLANG_WARN_CONSTANT_CONVERSION = YES;
				CLANG_WARN_DEPRECATED_OBJC_IMPLEMENTATIONS = YES;
				CLANG_WARN_DIRECT_OBJC_ISA_USAGE = YES_ERROR;
				CLANG_WARN_DOCUMENTATION_COMMENTS = YES;
				CLANG_WARN_EMPTY_BODY = YES;
				CLANG_WARN_ENUM_CONVERSION = YES;
				CLANG_WARN_INFINITE_RECURSION = YES;
				CLANG_WARN_INT_CONVERSION = YES;
				CLANG_WARN_NON_LITERAL_NULL_CONVERSION = YES;
				CLANG_WARN_OBJC_IMPLICIT_RETAIN_SELF = YES;
				CLANG_WARN_OBJC_LITERAL_CONVERSION = YES;
				CLANG_WARN_OBJC_ROOT_CLASS = YES_ERROR;
				CLANG_WARN_QUOTED_INCLUDE_IN_FRAMEWORK_HEADER = YES;
				CLANG_WARN_RANGE_LOOP_ANALYSIS = YES;
				CLANG_WARN_STRICT_PROTOTYPES = YES;
				CLANG_WARN_SUSPICIOUS_MOVE = YES;
				CLANG_WARN_UNGUARDED_AVAILABILITY = YES_AGGRESSIVE;
				CLANG_WARN_UNREACHABLE_CODE = YES;
				CLANG_WARN__DUPLICATE_METHOD_MATCH = YES;
				COPY_PHASE_STRIP = NO;
				DEBUG_INFORMATION_FORMAT = "dwarf-with-dsym";
				ENABLE_NS_ASSERTIONS = NO;
				ENABLE_STRICT_OBJC_MSGSEND = YES;
				GCC_C_LANGUAGE_STANDARD = gnu11;
				GCC_NO_COMMON_BLOCKS = YES;
				GCC_WARN_64_TO_32_BIT_CONVERSION = YES;
				GCC_WARN_ABOUT_RETURN_TYPE = YES_ERROR;
				GCC_WARN_UNDECLARED_SELECTOR = YES;
				GCC_WARN_UNINITIALIZED_AUTOS = YES_AGGRESSIVE;
				GCC_WARN_UNUSED_FUNCTION = YES;
				GCC_WARN_UNUSED_VARIABLE = YES;
				IPHONEOS_DEPLOYMENT_TARGET = 15.5;
				MTL_ENABLE_DEBUG_INFO = NO;
				MTL_FAST_MATH = YES;
				SDKROOT = iphoneos;
				SWIFT_COMPILATION_MODE = wholemodule;
				SWIFT_OPTIMIZATION_LEVEL = "-O";
				VALIDATE_PRODUCT = YES;
			};
			name = Release;
		};
		3DFBDE7A292E46DD005EEAFD /* Debug */ = {
			isa = XCBuildConfiguration;
			buildSettings = {
				ASSETCATALOG_COMPILER_APPICON_NAME = AppIcon;
				ASSETCATALOG_COMPILER_GLOBAL_ACCENT_COLOR_NAME = AccentColor;
				CODE_SIGN_STYLE = Automatic;
				CURRENT_PROJECT_VERSION = 1;
				GENERATE_INFOPLIST_FILE = YES;
				INFOPLIST_FILE = hawaiiShop/Info.plist;
				INFOPLIST_KEY_UIApplicationSupportsIndirectInputEvents = YES;
				INFOPLIST_KEY_UILaunchStoryboardName = LaunchScreen;
				INFOPLIST_KEY_UISupportedInterfaceOrientations = UIInterfaceOrientationPortrait;
				INFOPLIST_KEY_UISupportedInterfaceOrientations_iPad = "UIInterfaceOrientationPortrait UIInterfaceOrientationPortraitUpsideDown UIInterfaceOrientationLandscapeLeft UIInterfaceOrientationLandscapeRight";
				INFOPLIST_KEY_UISupportedInterfaceOrientations_iPhone = "UIInterfaceOrientationPortrait UIInterfaceOrientationLandscapeLeft UIInterfaceOrientationLandscapeRight";
				LD_RUNPATH_SEARCH_PATHS = (
					"$(inherited)",
					"@executable_path/Frameworks",
				);
				MARKETING_VERSION = 1.0;
				PRODUCT_BUNDLE_IDENTIFIER = "steellson-dev.hawaiiShop";
				PRODUCT_NAME = "$(TARGET_NAME)";
				SWIFT_EMIT_LOC_STRINGS = YES;
				SWIFT_VERSION = 5.0;
				TARGETED_DEVICE_FAMILY = "1,2";
			};
			name = Debug;
		};
		3DFBDE7B292E46DD005EEAFD /* Release */ = {
			isa = XCBuildConfiguration;
			buildSettings = {
				ASSETCATALOG_COMPILER_APPICON_NAME = AppIcon;
				ASSETCATALOG_COMPILER_GLOBAL_ACCENT_COLOR_NAME = AccentColor;
				CODE_SIGN_STYLE = Automatic;
				CURRENT_PROJECT_VERSION = 1;
				GENERATE_INFOPLIST_FILE = YES;
				INFOPLIST_FILE = hawaiiShop/Info.plist;
				INFOPLIST_KEY_UIApplicationSupportsIndirectInputEvents = YES;
				INFOPLIST_KEY_UILaunchStoryboardName = LaunchScreen;
				INFOPLIST_KEY_UISupportedInterfaceOrientations = UIInterfaceOrientationPortrait;
				INFOPLIST_KEY_UISupportedInterfaceOrientations_iPad = "UIInterfaceOrientationPortrait UIInterfaceOrientationPortraitUpsideDown UIInterfaceOrientationLandscapeLeft UIInterfaceOrientationLandscapeRight";
				INFOPLIST_KEY_UISupportedInterfaceOrientations_iPhone = "UIInterfaceOrientationPortrait UIInterfaceOrientationLandscapeLeft UIInterfaceOrientationLandscapeRight";
				LD_RUNPATH_SEARCH_PATHS = (
					"$(inherited)",
					"@executable_path/Frameworks",
				);
				MARKETING_VERSION = 1.0;
				PRODUCT_BUNDLE_IDENTIFIER = "steellson-dev.hawaiiShop";
				PRODUCT_NAME = "$(TARGET_NAME)";
				SWIFT_EMIT_LOC_STRINGS = YES;
				SWIFT_VERSION = 5.0;
				TARGETED_DEVICE_FAMILY = "1,2";
			};
			name = Release;
		};
/* End XCBuildConfiguration section */

/* Begin XCConfigurationList section */
		3DFBDE60292E46D3005EEAFD /* Build configuration list for PBXProject "hawaiiShop" */ = {
			isa = XCConfigurationList;
			buildConfigurations = (
				3DFBDE77292E46DD005EEAFD /* Debug */,
				3DFBDE78292E46DD005EEAFD /* Release */,
			);
			defaultConfigurationIsVisible = 0;
			defaultConfigurationName = Release;
		};
		3DFBDE79292E46DD005EEAFD /* Build configuration list for PBXNativeTarget "hawaiiShop" */ = {
			isa = XCConfigurationList;
			buildConfigurations = (
				3DFBDE7A292E46DD005EEAFD /* Debug */,
				3DFBDE7B292E46DD005EEAFD /* Release */,
			);
			defaultConfigurationIsVisible = 0;
			defaultConfigurationName = Release;
		};
/* End XCConfigurationList section */
	};
	rootObject = 3DFBDE5D292E46D3005EEAFD /* Project object */;
}
